
Microsoft Visual Studio Solution File, Format Version 12.00
# Visual Studio Version 16
VisualStudioVersion = 16.0.29905.134
MinimumVisualStudioVersion = 10.0.40219.1
Project("{9A19103F-16F7-4668-BE54-9A1E7A4F7556}") = "GalaxyWeb", "GalaxyWeb\GalaxyWeb.csproj", "{1F8F248B-5C79-4831-9651-54325E7F696C}"
EndProject
Global
	GlobalSection(SolutionConfigurationPlatforms) = preSolution
		Debug|Any CPU = Debug|Any CPU
		Release|Any CPU = Release|Any CPU
	EndGlobalSection
	GlobalSection(ProjectConfigurationPlatforms) = postSolution
		{1F8F248B-5C79-4831-9651-54325E7F696C}.Debug|Any CPU.ActiveCfg = Debug|Any CPU
		{1F8F248B-5C79-4831-9651-54325E7F696C}.Debug|Any CPU.Build.0 = Debug|Any CPU
		{1F8F248B-5C79-4831-9651-54325E7F696C}.Release|Any CPU.ActiveCfg = Release|Any CPU
		{1F8F248B-5C79-4831-9651-54325E7F696C}.Release|Any CPU.Build.0 = Release|Any CPU
	EndGlobalSection
	GlobalSection(SolutionProperties) = preSolution
		HideSolutionNode = FALSE
	EndGlobalSection
	GlobalSection(ExtensibilityGlobals) = postSolution
		SolutionGuid = {FB07283B-A43E-4A7B-A456-7AA2CC4D73CC}
	EndGlobalSection
EndGlobal
